
Microsoft Visual Studio Solution File, Format Version 12.00
# Visual Studio Version 17
VisualStudioVersion = 17.13.35931.197
MinimumVisualStudioVersion = 10.0.40219.1
Project("{FAE04EC0-301F-11D3-BF4B-00C04F79EFBC}") = "SolucionDeEcuacionesLineales", "SolucionDeEcuacionesLineales\SolucionDeEcuacionesLineales.csproj", "{A20D2E39-95F1-46D4-B283-BCDCA73BF9F1}"
EndProject
Project("{FAE04EC0-301F-11D3-BF4B-00C04F79EFBC}") = "SolucionesLinealesAPI", "SolucionesLinealesAPI\SolucionesLinealesAPI.csproj", "{672EDAC1-EFC0-41F1-975E-AAF654C15C18}"
EndProject
Project("{FAE04EC0-301F-11D3-BF4B-00C04F79EFBC}") = "MetodosDTO", "MetodosDTO\MetodosDTO.csproj", "{1ACF1CF9-5FF4-4BF6-A66F-B051C836AFC5}"
EndProject
Project("{2150E333-8FDC-42A3-9474-1A3956D46DE8}") = "Elementos de la solución", "Elementos de la solución", "{D107F4C8-89CC-BEA8-D3D7-CA6B7733353D}"
	ProjectSection(SolutionItems) = preProject
		htmlAlgoritmos.html = htmlAlgoritmos.html
	EndProjectSection
EndProject
Global
	GlobalSection(SolutionConfigurationPlatforms) = preSolution
		Debug|Any CPU = Debug|Any CPU
		Release|Any CPU = Release|Any CPU
	EndGlobalSection
	GlobalSection(ProjectConfigurationPlatforms) = postSolution
		{A20D2E39-95F1-46D4-B283-BCDCA73BF9F1}.Debug|Any CPU.ActiveCfg = Debug|Any CPU
		{A20D2E39-95F1-46D4-B283-BCDCA73BF9F1}.Debug|Any CPU.Build.0 = Debug|Any CPU
		{A20D2E39-95F1-46D4-B283-BCDCA73BF9F1}.Release|Any CPU.ActiveCfg = Release|Any CPU
		{A20D2E39-95F1-46D4-B283-BCDCA73BF9F1}.Release|Any CPU.Build.0 = Release|Any CPU
		{672EDAC1-EFC0-41F1-975E-AAF654C15C18}.Debug|Any CPU.ActiveCfg = Debug|Any CPU
		{672EDAC1-EFC0-41F1-975E-AAF654C15C18}.Debug|Any CPU.Build.0 = Debug|Any CPU
		{672EDAC1-EFC0-41F1-975E-AAF654C15C18}.Release|Any CPU.ActiveCfg = Release|Any CPU
		{672EDAC1-EFC0-41F1-975E-AAF654C15C18}.Release|Any CPU.Build.0 = Release|Any CPU
		{1ACF1CF9-5FF4-4BF6-A66F-B051C836AFC5}.Debug|Any CPU.ActiveCfg = Debug|Any CPU
		{1ACF1CF9-5FF4-4BF6-A66F-B051C836AFC5}.Debug|Any CPU.Build.0 = Debug|Any CPU
		{1ACF1CF9-5FF4-4BF6-A66F-B051C836AFC5}.Release|Any CPU.ActiveCfg = Release|Any CPU
		{1ACF1CF9-5FF4-4BF6-A66F-B051C836AFC5}.Release|Any CPU.Build.0 = Release|Any CPU
	EndGlobalSection
	GlobalSection(SolutionProperties) = preSolution
		HideSolutionNode = FALSE
	EndGlobalSection
	GlobalSection(ExtensibilityGlobals) = postSolution
		SolutionGuid = {5713431D-8D6A-4C14-BF2E-145FDF49E744}
	EndGlobalSection
EndGlobal
