
Microsoft Visual Studio Solution File, Format Version 12.00
# Visual Studio Version 17
VisualStudioVersion = 17.13.35931.197
MinimumVisualStudioVersion = 10.0.40219.1
Project("{FAE04EC0-301F-11D3-BF4B-00C04F79EFBC}") = "ApiRest", "IntegracionNumerica\ApiRest.csproj", "{6F317981-7215-4804-AF71-803A9A80834E}"
EndProject
Project("{FAE04EC0-301F-11D3-BF4B-00C04F79EFBC}") = "Entity", "Entity\Entity.csproj", "{ECD315EE-26E3-4726-889B-F4831C85F627}"
EndProject
Project("{2150E333-8FDC-42A3-9474-1A3956D46DE8}") = "Elementos de la solución", "Elementos de la solución", "{D107F4C8-89CC-BEA8-D3D7-CA6B7733353D}"
	ProjectSection(SolutionItems) = preProject
		HTML.html = HTML.html
	EndProjectSection
EndProject
Global
	GlobalSection(SolutionConfigurationPlatforms) = preSolution
		Debug|Any CPU = Debug|Any CPU
		Release|Any CPU = Release|Any CPU
	EndGlobalSection
	GlobalSection(ProjectConfigurationPlatforms) = postSolution
		{6F317981-7215-4804-AF71-803A9A80834E}.Debug|Any CPU.ActiveCfg = Debug|Any CPU
		{6F317981-7215-4804-AF71-803A9A80834E}.Debug|Any CPU.Build.0 = Debug|Any CPU
		{6F317981-7215-4804-AF71-803A9A80834E}.Release|Any CPU.ActiveCfg = Release|Any CPU
		{6F317981-7215-4804-AF71-803A9A80834E}.Release|Any CPU.Build.0 = Release|Any CPU
		{ECD315EE-26E3-4726-889B-F4831C85F627}.Debug|Any CPU.ActiveCfg = Debug|Any CPU
		{ECD315EE-26E3-4726-889B-F4831C85F627}.Debug|Any CPU.Build.0 = Debug|Any CPU
		{ECD315EE-26E3-4726-889B-F4831C85F627}.Release|Any CPU.ActiveCfg = Release|Any CPU
		{ECD315EE-26E3-4726-889B-F4831C85F627}.Release|Any CPU.Build.0 = Release|Any CPU
	EndGlobalSection
	GlobalSection(SolutionProperties) = preSolution
		HideSolutionNode = FALSE
	EndGlobalSection
	GlobalSection(ExtensibilityGlobals) = postSolution
		SolutionGuid = {858031C4-AAFD-4C8D-89FD-0D54A0113B31}
	EndGlobalSection
EndGlobal
